// !$*UTF8*$!
{
	archiveVersion = 1;
	classes = {
	};
	objectVersion = 46;
	objects = {

/* Begin PBXBuildFile section */
		C6AADDFA1D681C15007C8880 /* AppDelegate.swift in Sources */ = {isa = PBXBuildFile; fileRef = C6AADDF91D681C15007C8880 /* AppDelegate.swift */; };
		C6AADDFF1D681C15007C8880 /* Main.storyboard in Resources */ = {isa = PBXBuildFile; fileRef = C6AADDFD1D681C15007C8880 /* Main.storyboard */; };
		C6AADE011D681C15007C8880 /* Assets.xcassets in Resources */ = {isa = PBXBuildFile; fileRef = C6AADE001D681C15007C8880 /* Assets.xcassets */; };
		C6AADE041D681C15007C8880 /* LaunchScreen.storyboard in Resources */ = {isa = PBXBuildFile; fileRef = C6AADE021D681C15007C8880 /* LaunchScreen.storyboard */; };
		C6AADE1B1D68203C007C8880 /* MainViewController.swift in Sources */ = {isa = PBXBuildFile; fileRef = C6AADE1A1D68203C007C8880 /* MainViewController.swift */; };
		C6AADE1D1D6822E7007C8880 /* MainTableViewCell.swift in Sources */ = {isa = PBXBuildFile; fileRef = C6AADE1C1D6822E7007C8880 /* MainTableViewCell.swift */; };
		C6AADE1F1D6825F4007C8880 /* GuruNavi.swift in Sources */ = {isa = PBXBuildFile; fileRef = C6AADE1E1D6825F4007C8880 /* GuruNavi.swift */; };
/* End PBXBuildFile section */

/* Begin PBXFileReference section */
		C6AADDF61D681C15007C8880 /* Homework.app */ = {isa = PBXFileReference; explicitFileType = wrapper.application; includeInIndex = 0; path = Homework.app; sourceTree = BUILT_PRODUCTS_DIR; };
		C6AADDF91D681C15007C8880 /* AppDelegate.swift */ = {isa = PBXFileReference; lastKnownFileType = sourcecode.swift; path = AppDelegate.swift; sourceTree = "<group>"; };
		C6AADDFE1D681C15007C8880 /* Base */ = {isa = PBXFileReference; lastKnownFileType = file.storyboard; name = Base; path = Base.lproj/Main.storyboard; sourceTree = "<group>"; };
		C6AADE001D681C15007C8880 /* Assets.xcassets */ = {isa = PBXFileReference; lastKnownFileType = folder.assetcatalog; path = Assets.xcassets; sourceTree = "<group>"; };
		C6AADE031D681C15007C8880 /* Base */ = {isa = PBXFileReference; lastKnownFileType = file.storyboard; name = Base; path = Base.lproj/LaunchScreen.storyboard; sourceTree = "<group>"; };
		C6AADE051D681C15007C8880 /* Info.plist */ = {isa = PBXFileReference; lastKnownFileType = text.plist.xml; path = Info.plist; sourceTree = "<group>"; };
		C6AADE1A1D68203C007C8880 /* MainViewController.swift */ = {isa = PBXFileReference; fileEncoding = 4; lastKnownFileType = sourcecode.swift; path = MainViewController.swift; sourceTree = "<group>"; };
		C6AADE1C1D6822E7007C8880 /* MainTableViewCell.swift */ = {isa = PBXFileReference; fileEncoding = 4; lastKnownFileType = sourcecode.swift; path = MainTableViewCell.swift; sourceTree = "<group>"; };
		C6AADE1E1D6825F4007C8880 /* GuruNavi.swift */ = {isa = PBXFileReference; fileEncoding = 4; lastKnownFileType = sourcecode.swift; path = GuruNavi.swift; sourceTree = "<group>"; };
/* End PBXFileReference section */

/* Begin PBXFrameworksBuildPhase section */
		C6AADDF31D681C15007C8880 /* Frameworks */ = {
			isa = PBXFrameworksBuildPhase;
			buildActionMask = 2147483647;
			files = (
			);
			runOnlyForDeploymentPostprocessing = 0;
		};
/* End PBXFrameworksBuildPhase section */

/* Begin PBXGroup section */
		C6AADDED1D681C15007C8880 = {
			isa = PBXGroup;
			children = (
				C6AADDF81D681C15007C8880 /* Homework */,
				C6AADDF71D681C15007C8880 /* Products */,
			);
			sourceTree = "<group>";
		};
		C6AADDF71D681C15007C8880 /* Products */ = {
			isa = PBXGroup;
			children = (
				C6AADDF61D681C15007C8880 /* Homework.app */,
			);
			name = Products;
			sourceTree = "<group>";
		};
		C6AADDF81D681C15007C8880 /* Homework */ = {
			isa = PBXGroup;
			children = (
				C6AADDF91D681C15007C8880 /* AppDelegate.swift */,
				C6AADE001D681C15007C8880 /* Assets.xcassets */,
				C6AADE021D681C15007C8880 /* LaunchScreen.storyboard */,
				C6AADDFD1D681C15007C8880 /* Main.storyboard */,
				C6AADE151D68203C007C8880 /* Controller */,
				C6AADE161D68203C007C8880 /* Model */,
				C6AADE171D68203C007C8880 /* Resource */,
				C6AADE181D68203C007C8880 /* View */,
				C6AADE191D68203C007C8880 /* ViewController */,
				C6AADE051D681C15007C8880 /* Info.plist */,
			);
			path = Homework;
			sourceTree = "<group>";
		};
		C6AADE151D68203C007C8880 /* Controller */ = {
			isa = PBXGroup;
			children = (
			);
			path = Controller;
			sourceTree = "<group>";
		};
		C6AADE161D68203C007C8880 /* Model */ = {
			isa = PBXGroup;
			children = (
				C6AADE1E1D6825F4007C8880 /* GuruNavi.swift */,
			);
			path = Model;
			sourceTree = "<group>";
		};
		C6AADE171D68203C007C8880 /* Resource */ = {
			isa = PBXGroup;
			children = (
			);
			path = Resource;
			sourceTree = "<group>";
		};
		C6AADE181D68203C007C8880 /* View */ = {
			isa = PBXGroup;
			children = (
				C6AADE1C1D6822E7007C8880 /* MainTableViewCell.swift */,
			);
			path = View;
			sourceTree = "<group>";
		};
		C6AADE191D68203C007C8880 /* ViewController */ = {
			isa = PBXGroup;
			children = (
				C6AADE1A1D68203C007C8880 /* MainViewController.swift */,
			);
			path = ViewController;
			sourceTree = "<group>";
		};
/* End PBXGroup section */

/* Begin PBXNativeTarget section */
		C6AADDF51D681C15007C8880 /* Homework */ = {
			isa = PBXNativeTarget;
			buildConfigurationList = C6AADE081D681C15007C8880 /* Build configuration list for PBXNativeTarget "Homework" */;
			buildPhases = (
				C6AADDF21D681C15007C8880 /* Sources */,
				C6AADDF31D681C15007C8880 /* Frameworks */,
				C6AADDF41D681C15007C8880 /* Resources */,
			);
			buildRules = (
			);
			dependencies = (
			);
			name = Homework;
			productName = Homework;
			productReference = C6AADDF61D681C15007C8880 /* Homework.app */;
			productType = "com.apple.product-type.application";
		};
/* End PBXNativeTarget section */

/* Begin PBXProject section */
		C6AADDEE1D681C15007C8880 /* Project object */ = {
			isa = PBXProject;
			attributes = {
				LastSwiftUpdateCheck = 0730;
				LastUpgradeCheck = 0730;
				ORGANIZATIONNAME = ShoIto;
				TargetAttributes = {
					C6AADDF51D681C15007C8880 = {
						CreatedOnToolsVersion = 7.3.1;
					};
				};
			};
			buildConfigurationList = C6AADDF11D681C15007C8880 /* Build configuration list for PBXProject "Homework" */;
			compatibilityVersion = "Xcode 3.2";
			developmentRegion = English;
			hasScannedForEncodings = 0;
			knownRegions = (
				en,
				Base,
			);
			mainGroup = C6AADDED1D681C15007C8880;
			productRefGroup = C6AADDF71D681C15007C8880 /* Products */;
			projectDirPath = "";
			projectRoot = "";
			targets = (
				C6AADDF51D681C15007C8880 /* Homework */,
			);
		};
/* End PBXProject section */

/* Begin PBXResourcesBuildPhase section */
		C6AADDF41D681C15007C8880 /* Resources */ = {
			isa = PBXResourcesBuildPhase;
			buildActionMask = 2147483647;
			files = (
				C6AADE041D681C15007C8880 /* LaunchScreen.storyboard in Resources */,
				C6AADE011D681C15007C8880 /* Assets.xcassets in Resources */,
				C6AADDFF1D681C15007C8880 /* Main.storyboard in Resources */,
			);
			runOnlyForDeploymentPostprocessing = 0;
		};
/* End PBXResourcesBuildPhase section */

/* Begin PBXSourcesBuildPhase section */
		C6AADDF21D681C15007C8880 /* Sources */ = {
			isa = PBXSourcesBuildPhase;
			buildActionMask = 2147483647;
			files = (
				C6AADDFA1D681C15007C8880 /* AppDelegate.swift in Sources */,
				C6AADE1D1D6822E7007C8880 /* MainTableViewCell.swift in Sources */,
				C6AADE1F1D6825F4007C8880 /* GuruNavi.swift in Sources */,
				C6AADE1B1D68203C007C8880 /* MainViewController.swift in Sources */,
			);
			runOnlyForDeploymentPostprocessing = 0;
		};
/* End PBXSourcesBuildPhase section */

/* Begin PBXVariantGroup section */
		C6AADDFD1D681C15007C8880 /* Main.storyboard */ = {
			isa = PBXVariantGroup;
			children = (
				C6AADDFE1D681C15007C8880 /* Base */,
			);
			name = Main.storyboard;
			sourceTree = "<group>";
		};
		C6AADE021D681C15007C8880 /* LaunchScreen.storyboard */ = {
			isa = PBXVariantGroup;
			children = (
				C6AADE031D681C15007C8880 /* Base */,
			);
			name = LaunchScreen.storyboard;
			sourceTree = "<group>";
		};
/* End PBXVariantGroup section */

/* Begin XCBuildConfiguration section */
		C6AADE061D681C15007C8880 /* Debug */ = {
			isa = XCBuildConfiguration;
			buildSettings = {
				ALWAYS_SEARCH_USER_PATHS = NO;
				CLANG_ANALYZER_NONNULL = YES;
				CLANG_CXX_LANGUAGE_STANDARD = "gnu++0x";
				CLANG_CXX_LIBRARY = "libc++";
				CLANG_ENABLE_MODULES = YES;
				CLANG_ENABLE_OBJC_ARC = YES;
				CLANG_WARN_BOOL_CONVERSION = YES;
				CLANG_WARN_CONSTANT_CONVERSION = YES;
				CLANG_WARN_DIRECT_OBJC_ISA_USAGE = YES_ERROR;
				CLANG_WARN_EMPTY_BODY = YES;
				CLANG_WARN_ENUM_CONVERSION = YES;
				CLANG_WARN_INT_CONVERSION = YES;
				CLANG_WARN_OBJC_ROOT_CLASS = YES_ERROR;
				CLANG_WARN_UNREACHABLE_CODE = YES;
				CLANG_WARN__DUPLICATE_METHOD_MATCH = YES;
				"CODE_SIGN_IDENTITY[sdk=iphoneos*]" = "iPhone Developer";
				COPY_PHASE_STRIP = NO;
				DEBUG_INFORMATION_FORMAT = dwarf;
				ENABLE_STRICT_OBJC_MSGSEND = YES;
				ENABLE_TESTABILITY = YES;
				GCC_C_LANGUAGE_STANDARD = gnu99;
				GCC_DYNAMIC_NO_PIC = NO;
				GCC_NO_COMMON_BLOCKS = YES;
				GCC_OPTIMIZATION_LEVEL = 0;
				GCC_PREPROCESSOR_DEFINITIONS = (
					"DEBUG=1",
					"$(inherited)",
				);
				GCC_WARN_64_TO_32_BIT_CONVERSION = YES;
				GCC_WARN_ABOUT_RETURN_TYPE = YES_ERROR;
				GCC_WARN_UNDECLARED_SELECTOR = YES;
				GCC_WARN_UNINITIALIZED_AUTOS = YES_AGGRESSIVE;
				GCC_WARN_UNUSED_FUNCTION = YES;
				GCC_WARN_UNUSED_VARIABLE = YES;
				IPHONEOS_DEPLOYMENT_TARGET = 9.3;
				MTL_ENABLE_DEBUG_INFO = YES;
				ONLY_ACTIVE_ARCH = YES;
				SDKROOT = iphoneos;
				SWIFT_OPTIMIZATION_LEVEL = "-Onone";
				TARGETED_DEVICE_FAMILY = "1,2";
			};
			name = Debug;
		};
		C6AADE071D681C15007C8880 /* Release */ = {
			isa = XCBuildConfiguration;
			buildSettings = {
				ALWAYS_SEARCH_USER_PATHS = NO;
				CLANG_ANALYZER_NONNULL = YES;
				CLANG_CXX_LANGUAGE_STANDARD = "gnu++0x";
				CLANG_CXX_LIBRARY = "libc++";
				CLANG_ENABLE_MODULES = YES;
				CLANG_ENABLE_OBJC_ARC = YES;
				CLANG_WARN_BOOL_CONVERSION = YES;
				CLANG_WARN_CONSTANT_CONVERSION = YES;
				CLANG_WARN_DIRECT_OBJC_ISA_USAGE = YES_ERROR;
				CLANG_WARN_EMPTY_BODY = YES;
				CLANG_WARN_ENUM_CONVERSION = YES;
				CLANG_WARN_INT_CONVERSION = YES;
				CLANG_WARN_OBJC_ROOT_CLASS = YES_ERROR;
				CLANG_WARN_UNREACHABLE_CODE = YES;
				CLANG_WARN__DUPLICATE_METHOD_MATCH = YES;
				"CODE_SIGN_IDENTITY[sdk=iphoneos*]" = "iPhone Developer";
				COPY_PHASE_STRIP = NO;
				DEBUG_INFORMATION_FORMAT = "dwarf-with-dsym";
				ENABLE_NS_ASSERTIONS = NO;
				ENABLE_STRICT_OBJC_MSGSEND = YES;
				GCC_C_LANGUAGE_STANDARD = gnu99;
				GCC_NO_COMMON_BLOCKS = YES;
				GCC_WARN_64_TO_32_BIT_CONVERSION = YES;
				GCC_WARN_ABOUT_RETURN_TYPE = YES_ERROR;
				GCC_WARN_UNDECLARED_SELECTOR = YES;
				GCC_WARN_UNINITIALIZED_AUTOS = YES_AGGRESSIVE;
				GCC_WARN_UNUSED_FUNCTION = YES;
				GCC_WARN_UNUSED_VARIABLE = YES;
				IPHONEOS_DEPLOYMENT_TARGET = 9.3;
				MTL_ENABLE_DEBUG_INFO = NO;
				SDKROOT = iphoneos;
				TARGETED_DEVICE_FAMILY = "1,2";
				VALIDATE_PRODUCT = YES;
			};
			name = Release;
		};
		C6AADE091D681C15007C8880 /* Debug */ = {
			isa = XCBuildConfiguration;
			buildSettings = {
				ASSETCATALOG_COMPILER_APPICON_NAME = AppIcon;
				INFOPLIST_FILE = Homework/Info.plist;
				IPHONEOS_DEPLOYMENT_TARGET = 8.0;
				LD_RUNPATH_SEARCH_PATHS = "$(inherited) @executable_path/Frameworks";
				PRODUCT_BUNDLE_IDENTIFIER = jp.shoito.Homework;
				PRODUCT_NAME = "$(TARGET_NAME)";
			};
			name = Debug;
		};
		C6AADE0A1D681C15007C8880 /* Release */ = {
			isa = XCBuildConfiguration;
			buildSettings = {
				ASSETCATALOG_COMPILER_APPICON_NAME = AppIcon;
				INFOPLIST_FILE = Homework/Info.plist;
				IPHONEOS_DEPLOYMENT_TARGET = 8.0;
				LD_RUNPATH_SEARCH_PATHS = "$(inherited) @executable_path/Frameworks";
				PRODUCT_BUNDLE_IDENTIFIER = jp.shoito.Homework;
				PRODUCT_NAME = "$(TARGET_NAME)";
			};
			name = Release;
		};
/* End XCBuildConfiguration section */

/* Begin XCConfigurationList section */
		C6AADDF11D681C15007C8880 /* Build configuration list for PBXProject "Homework" */ = {
			isa = XCConfigurationList;
			buildConfigurations = (
				C6AADE061D681C15007C8880 /* Debug */,
				C6AADE071D681C15007C8880 /* Release */,
			);
			defaultConfigurationIsVisible = 0;
			defaultConfigurationName = Release;
		};
		C6AADE081D681C15007C8880 /* Build configuration list for PBXNativeTarget "Homework" */ = {
			isa = XCConfigurationList;
			buildConfigurations = (
				C6AADE091D681C15007C8880 /* Debug */,
				C6AADE0A1D681C15007C8880 /* Release */,
			);
			defaultConfigurationIsVisible = 0;
			defaultConfigurationName = Release;
		};
/* End XCConfigurationList section */
	};
	rootObject = C6AADDEE1D681C15007C8880 /* Project object */;
}
