// !$*UTF8*$!
{
	archiveVersion = 1;
	classes = {
	};
	objectVersion = 46;
	objects = {

/* Begin PBXBuildFile section */
		F44350671C8FBB25001F8130 /* AppDelegate.swift in Sources */ = {isa = PBXBuildFile; fileRef = F44350661C8FBB25001F8130 /* AppDelegate.swift */; };
		F44350691C8FBB25001F8130 /* ViewController.swift in Sources */ = {isa = PBXBuildFile; fileRef = F44350681C8FBB25001F8130 /* ViewController.swift */; };
		F443506C1C8FBB25001F8130 /* Main.storyboard in Resources */ = {isa = PBXBuildFile; fileRef = F443506A1C8FBB25001F8130 /* Main.storyboard */; };
		F443506E1C8FBB25001F8130 /* Assets.xcassets in Resources */ = {isa = PBXBuildFile; fileRef = F443506D1C8FBB25001F8130 /* Assets.xcassets */; };
		F44350711C8FBB25001F8130 /* LaunchScreen.storyboard in Resources */ = {isa = PBXBuildFile; fileRef = F443506F1C8FBB25001F8130 /* LaunchScreen.storyboard */; };
		F44350791C8FBB5D001F8130 /* NetworkReachability.swift in Sources */ = {isa = PBXBuildFile; fileRef = F44350781C8FBB5D001F8130 /* NetworkReachability.swift */; };
		F443507B1C8FF857001F8130 /* CoreFoundation.framework in Frameworks */ = {isa = PBXBuildFile; fileRef = F443507A1C8FF857001F8130 /* CoreFoundation.framework */; };
/* End PBXBuildFile section */

/* Begin PBXFileReference section */
		F44350631C8FBB25001F8130 /* Network.app */ = {isa = PBXFileReference; explicitFileType = wrapper.application; includeInIndex = 0; path = Network.app; sourceTree = BUILT_PRODUCTS_DIR; };
		F44350661C8FBB25001F8130 /* AppDelegate.swift */ = {isa = PBXFileReference; lastKnownFileType = sourcecode.swift; path = AppDelegate.swift; sourceTree = "<group>"; };
		F44350681C8FBB25001F8130 /* ViewController.swift */ = {isa = PBXFileReference; lastKnownFileType = sourcecode.swift; path = ViewController.swift; sourceTree = "<group>"; };
		F443506B1C8FBB25001F8130 /* Base */ = {isa = PBXFileReference; lastKnownFileType = file.storyboard; name = Base; path = Base.lproj/Main.storyboard; sourceTree = "<group>"; };
		F443506D1C8FBB25001F8130 /* Assets.xcassets */ = {isa = PBXFileReference; lastKnownFileType = folder.assetcatalog; path = Assets.xcassets; sourceTree = "<group>"; };
		F44350701C8FBB25001F8130 /* Base */ = {isa = PBXFileReference; lastKnownFileType = file.storyboard; name = Base; path = Base.lproj/LaunchScreen.storyboard; sourceTree = "<group>"; };
		F44350721C8FBB25001F8130 /* Info.plist */ = {isa = PBXFileReference; lastKnownFileType = text.plist.xml; path = Info.plist; sourceTree = "<group>"; };
		F44350781C8FBB5D001F8130 /* NetworkReachability.swift */ = {isa = PBXFileReference; fileEncoding = 4; lastKnownFileType = sourcecode.swift; path = NetworkReachability.swift; sourceTree = "<group>"; };
		F443507A1C8FF857001F8130 /* CoreFoundation.framework */ = {isa = PBXFileReference; lastKnownFileType = wrapper.framework; name = CoreFoundation.framework; path = System/Library/Frameworks/CoreFoundation.framework; sourceTree = SDKROOT; };
/* End PBXFileReference section */

/* Begin PBXFrameworksBuildPhase section */
		F44350601C8FBB25001F8130 /* Frameworks */ = {
			isa = PBXFrameworksBuildPhase;
			buildActionMask = 2147483647;
			files = (
				F443507B1C8FF857001F8130 /* CoreFoundation.framework in Frameworks */,
			);
			runOnlyForDeploymentPostprocessing = 0;
		};
/* End PBXFrameworksBuildPhase section */

/* Begin PBXGroup section */
		F443505A1C8FBB25001F8130 = {
			isa = PBXGroup;
			children = (
				F443507A1C8FF857001F8130 /* CoreFoundation.framework */,
				F44350651C8FBB25001F8130 /* Network */,
				F44350641C8FBB25001F8130 /* Products */,
			);
			sourceTree = "<group>";
		};
		F44350641C8FBB25001F8130 /* Products */ = {
			isa = PBXGroup;
			children = (
				F44350631C8FBB25001F8130 /* Network.app */,
			);
			name = Products;
			sourceTree = "<group>";
		};
		F44350651C8FBB25001F8130 /* Network */ = {
			isa = PBXGroup;
			children = (
				F44350661C8FBB25001F8130 /* AppDelegate.swift */,
				F44350681C8FBB25001F8130 /* ViewController.swift */,
				F443506A1C8FBB25001F8130 /* Main.storyboard */,
				F443506D1C8FBB25001F8130 /* Assets.xcassets */,
				F443506F1C8FBB25001F8130 /* LaunchScreen.storyboard */,
				F44350721C8FBB25001F8130 /* Info.plist */,
				F44350781C8FBB5D001F8130 /* NetworkReachability.swift */,
			);
			path = Network;
			sourceTree = "<group>";
		};
/* End PBXGroup section */

/* Begin PBXNativeTarget section */
		F44350621C8FBB25001F8130 /* Network */ = {
			isa = PBXNativeTarget;
			buildConfigurationList = F44350751C8FBB25001F8130 /* Build configuration list for PBXNativeTarget "Network" */;
			buildPhases = (
				F443505F1C8FBB25001F8130 /* Sources */,
				F44350601C8FBB25001F8130 /* Frameworks */,
				F44350611C8FBB25001F8130 /* Resources */,
			);
			buildRules = (
			);
			dependencies = (
			);
			name = Network;
			productName = Network;
			productReference = F44350631C8FBB25001F8130 /* Network.app */;
			productType = "com.apple.product-type.application";
		};
/* End PBXNativeTarget section */

/* Begin PBXProject section */
		F443505B1C8FBB25001F8130 /* Project object */ = {
			isa = PBXProject;
			attributes = {
				LastSwiftUpdateCheck = 0720;
				LastUpgradeCheck = 0720;
				ORGANIZATIONNAME = companion_ios;
				TargetAttributes = {
					F44350621C8FBB25001F8130 = {
						CreatedOnToolsVersion = 7.2.1;
					};
				};
			};
			buildConfigurationList = F443505E1C8FBB25001F8130 /* Build configuration list for PBXProject "Network" */;
			compatibilityVersion = "Xcode 3.2";
			developmentRegion = English;
			hasScannedForEncodings = 0;
			knownRegions = (
				en,
				Base,
			);
			mainGroup = F443505A1C8FBB25001F8130;
			productRefGroup = F44350641C8FBB25001F8130 /* Products */;
			projectDirPath = "";
			projectRoot = "";
			targets = (
				F44350621C8FBB25001F8130 /* Network */,
			);
		};
/* End PBXProject section */

/* Begin PBXResourcesBuildPhase section */
		F44350611C8FBB25001F8130 /* Resources */ = {
			isa = PBXResourcesBuildPhase;
			buildActionMask = 2147483647;
			files = (
				F44350711C8FBB25001F8130 /* LaunchScreen.storyboard in Resources */,
				F443506E1C8FBB25001F8130 /* Assets.xcassets in Resources */,
				F443506C1C8FBB25001F8130 /* Main.storyboard in Resources */,
			);
			runOnlyForDeploymentPostprocessing = 0;
		};
/* End PBXResourcesBuildPhase section */

/* Begin PBXSourcesBuildPhase section */
		F443505F1C8FBB25001F8130 /* Sources */ = {
			isa = PBXSourcesBuildPhase;
			buildActionMask = 2147483647;
			files = (
				F44350691C8FBB25001F8130 /* ViewController.swift in Sources */,
				F44350671C8FBB25001F8130 /* AppDelegate.swift in Sources */,
				F44350791C8FBB5D001F8130 /* NetworkReachability.swift in Sources */,
			);
			runOnlyForDeploymentPostprocessing = 0;
		};
/* End PBXSourcesBuildPhase section */

/* Begin PBXVariantGroup section */
		F443506A1C8FBB25001F8130 /* Main.storyboard */ = {
			isa = PBXVariantGroup;
			children = (
				F443506B1C8FBB25001F8130 /* Base */,
			);
			name = Main.storyboard;
			sourceTree = "<group>";
		};
		F443506F1C8FBB25001F8130 /* LaunchScreen.storyboard */ = {
			isa = PBXVariantGroup;
			children = (
				F44350701C8FBB25001F8130 /* Base */,
			);
			name = LaunchScreen.storyboard;
			sourceTree = "<group>";
		};
/* End PBXVariantGroup section */

/* Begin XCBuildConfiguration section */
		F44350731C8FBB25001F8130 /* Debug */ = {
			isa = XCBuildConfiguration;
			buildSettings = {
				ALWAYS_SEARCH_USER_PATHS = NO;
				CLANG_CXX_LANGUAGE_STANDARD = "gnu++0x";
				CLANG_CXX_LIBRARY = "libc++";
				CLANG_ENABLE_MODULES = YES;
				CLANG_ENABLE_OBJC_ARC = YES;
				CLANG_WARN_BOOL_CONVERSION = YES;
				CLANG_WARN_CONSTANT_CONVERSION = YES;
				CLANG_WARN_DIRECT_OBJC_ISA_USAGE = YES_ERROR;
				CLANG_WARN_EMPTY_BODY = YES;
				CLANG_WARN_ENUM_CONVERSION = YES;
				CLANG_WARN_INT_CONVERSION = YES;
				CLANG_WARN_OBJC_ROOT_CLASS = YES_ERROR;
				CLANG_WARN_UNREACHABLE_CODE = YES;
				CLANG_WARN__DUPLICATE_METHOD_MATCH = YES;
				"CODE_SIGN_IDENTITY[sdk=iphoneos*]" = "iPhone Developer";
				COPY_PHASE_STRIP = NO;
				DEBUG_INFORMATION_FORMAT = dwarf;
				ENABLE_STRICT_OBJC_MSGSEND = YES;
				ENABLE_TESTABILITY = YES;
				GCC_C_LANGUAGE_STANDARD = gnu99;
				GCC_DYNAMIC_NO_PIC = NO;
				GCC_NO_COMMON_BLOCKS = YES;
				GCC_OPTIMIZATION_LEVEL = 0;
				GCC_PREPROCESSOR_DEFINITIONS = (
					"DEBUG=1",
					"$(inherited)",
				);
				GCC_WARN_64_TO_32_BIT_CONVERSION = YES;
				GCC_WARN_ABOUT_RETURN_TYPE = YES_ERROR;
				GCC_WARN_UNDECLARED_SELECTOR = YES;
				GCC_WARN_UNINITIALIZED_AUTOS = YES_AGGRESSIVE;
				GCC_WARN_UNUSED_FUNCTION = YES;
				GCC_WARN_UNUSED_VARIABLE = YES;
				IPHONEOS_DEPLOYMENT_TARGET = 9.2;
				MTL_ENABLE_DEBUG_INFO = YES;
				ONLY_ACTIVE_ARCH = YES;
				SDKROOT = iphoneos;
				SWIFT_OPTIMIZATION_LEVEL = "-Onone";
				TARGETED_DEVICE_FAMILY = "1,2";
			};
			name = Debug;
		};
		F44350741C8FBB25001F8130 /* Release */ = {
			isa = XCBuildConfiguration;
			buildSettings = {
				ALWAYS_SEARCH_USER_PATHS = NO;
				CLANG_CXX_LANGUAGE_STANDARD = "gnu++0x";
				CLANG_CXX_LIBRARY = "libc++";
				CLANG_ENABLE_MODULES = YES;
				CLANG_ENABLE_OBJC_ARC = YES;
				CLANG_WARN_BOOL_CONVERSION = YES;
				CLANG_WARN_CONSTANT_CONVERSION = YES;
				CLANG_WARN_DIRECT_OBJC_ISA_USAGE = YES_ERROR;
				CLANG_WARN_EMPTY_BODY = YES;
				CLANG_WARN_ENUM_CONVERSION = YES;
				CLANG_WARN_INT_CONVERSION = YES;
				CLANG_WARN_OBJC_ROOT_CLASS = YES_ERROR;
				CLANG_WARN_UNREACHABLE_CODE = YES;
				CLANG_WARN__DUPLICATE_METHOD_MATCH = YES;
				"CODE_SIGN_IDENTITY[sdk=iphoneos*]" = "iPhone Developer";
				COPY_PHASE_STRIP = NO;
				DEBUG_INFORMATION_FORMAT = "dwarf-with-dsym";
				ENABLE_NS_ASSERTIONS = NO;
				ENABLE_STRICT_OBJC_MSGSEND = YES;
				GCC_C_LANGUAGE_STANDARD = gnu99;
				GCC_NO_COMMON_BLOCKS = YES;
				GCC_WARN_64_TO_32_BIT_CONVERSION = YES;
				GCC_WARN_ABOUT_RETURN_TYPE = YES_ERROR;
				GCC_WARN_UNDECLARED_SELECTOR = YES;
				GCC_WARN_UNINITIALIZED_AUTOS = YES_AGGRESSIVE;
				GCC_WARN_UNUSED_FUNCTION = YES;
				GCC_WARN_UNUSED_VARIABLE = YES;
				IPHONEOS_DEPLOYMENT_TARGET = 9.2;
				MTL_ENABLE_DEBUG_INFO = NO;
				SDKROOT = iphoneos;
				TARGETED_DEVICE_FAMILY = "1,2";
				VALIDATE_PRODUCT = YES;
			};
			name = Release;
		};
		F44350761C8FBB25001F8130 /* Debug */ = {
			isa = XCBuildConfiguration;
			buildSettings = {
				ASSETCATALOG_COMPILER_APPICON_NAME = AppIcon;
				CODE_SIGN_IDENTITY = "iPhone Distribution: Sony Computer Entertainment Inc.";
				INFOPLIST_FILE = Network/Info.plist;
				LD_RUNPATH_SEARCH_PATHS = "$(inherited) @executable_path/Frameworks";
				PRODUCT_BUNDLE_IDENTIFIER = com.playstation.Network;
				PRODUCT_NAME = "$(TARGET_NAME)";
				PROVISIONING_PROFILE = "a5cd5e1d-6c0e-4787-b84e-5da3b98b58e7";
			};
			name = Debug;
		};
		F44350771C8FBB25001F8130 /* Release */ = {
			isa = XCBuildConfiguration;
			buildSettings = {
				ASSETCATALOG_COMPILER_APPICON_NAME = AppIcon;
				CODE_SIGN_IDENTITY = "iPhone Distribution: Sony Computer Entertainment Inc.";
				INFOPLIST_FILE = Network/Info.plist;
				LD_RUNPATH_SEARCH_PATHS = "$(inherited) @executable_path/Frameworks";
				PRODUCT_BUNDLE_IDENTIFIER = com.playstation.Network;
				PRODUCT_NAME = "$(TARGET_NAME)";
				PROVISIONING_PROFILE = "a5cd5e1d-6c0e-4787-b84e-5da3b98b58e7";
			};
			name = Release;
		};
/* End XCBuildConfiguration section */

/* Begin XCConfigurationList section */
		F443505E1C8FBB25001F8130 /* Build configuration list for PBXProject "Network" */ = {
			isa = XCConfigurationList;
			buildConfigurations = (
				F44350731C8FBB25001F8130 /* Debug */,
				F44350741C8FBB25001F8130 /* Release */,
			);
			defaultConfigurationIsVisible = 0;
			defaultConfigurationName = Release;
		};
		F44350751C8FBB25001F8130 /* Build configuration list for PBXNativeTarget "Network" */ = {
			isa = XCConfigurationList;
			buildConfigurations = (
				F44350761C8FBB25001F8130 /* Debug */,
				F44350771C8FBB25001F8130 /* Release */,
			);
			defaultConfigurationIsVisible = 0;
		};
/* End XCConfigurationList section */
	};
	rootObject = F443505B1C8FBB25001F8130 /* Project object */;
}
